
Microsoft Visual Studio Solution File, Format Version 12.00
# Visual Studio 15
VisualStudioVersion = 15.0.28010.2003
MinimumVisualStudioVersion = 10.0.40219.1
Project("{FAE04EC0-301F-11D3-BF4B-00C04F79EFBC}") = "SoundSync", "SoundSync\SoundSync.csproj", "{595F0278-B499-4C68-B356-6FB778EF46F0}"
EndProject
Global
	GlobalSection(SolutionConfigurationPlatforms) = preSolution
		Debug|Any CPU = Debug|Any CPU
		Release|Any CPU = Release|Any CPU
	EndGlobalSection
	GlobalSection(ProjectConfigurationPlatforms) = postSolution
		{595F0278-B499-4C68-B356-6FB778EF46F0}.Debug|Any CPU.ActiveCfg = Debug|Any CPU
		{595F0278-B499-4C68-B356-6FB778EF46F0}.Debug|Any CPU.Build.0 = Debug|Any CPU
		{595F0278-B499-4C68-B356-6FB778EF46F0}.Release|Any CPU.ActiveCfg = Release|Any CPU
		{595F0278-B499-4C68-B356-6FB778EF46F0}.Release|Any CPU.Build.0 = Release|Any CPU
	EndGlobalSection
	GlobalSection(SolutionProperties) = preSolution
		HideSolutionNode = FALSE
	EndGlobalSection
	GlobalSection(ExtensibilityGlobals) = postSolution
		SolutionGuid = {51DC29D9-0D3F-4077-8BD8-C2E743F091F9}
	EndGlobalSection
EndGlobal
